{
  "name": "libretranslate-api",
  "version": "1.0.1",
  "lockfileVersion": 2,
  "requires": true,
  "packages": {
    "": {
      "name": "libretranslate-api",
      "version": "1.0.1",
      "license": "AGPL-3.0",
      "dependencies": {
        "@types/node": "^18.0.6",
        "node-fetch-polyfill": "^2.0.6",
        "typescript": "^4.7.4"
      }
    },
    "node_modules/@types/node": {
      "version": "18.0.6",
      "resolved": "https://registry.npmjs.org/@types/node/-/node-18.0.6.tgz",
      "integrity": "sha512-/xUq6H2aQm261exT6iZTMifUySEt4GR5KX8eYyY+C4MSNPqSh9oNIP7tz2GLKTlFaiBbgZNxffoR3CVRG+cljw=="
    },
    "node_modules/encoding": {
      "version": "0.1.13",
      "resolved": "https://registry.npmjs.org/encoding/-/encoding-0.1.13.tgz",
      "integrity": "sha512-ETBauow1T35Y/WZMkio9jiM0Z5xjHHmJ4XmjZOq1l/dXz3lr2sRn87nJy20RupqSh1F2m3HHPSp8ShIPQJrJ3A==",
      "dependencies": {
        "iconv-lite": "^0.6.2"
      }
    },
    "node_modules/iconv-lite": {
      "version": "0.6.3",
      "resolved": "https://registry.npmjs.org/iconv-lite/-/iconv-lite-0.6.3.tgz",
      "integrity": "sha512-4fCk79wshMdzMp2rH06qWrJE4iolqLhCUH+OiuIgU++RB0+94NlDL81atO7GX55uUKueo0txHNtvEyI6D7WdMw==",
      "dependencies": {
        "safer-buffer": ">= 2.1.2 < 3.0.0"
      },
      "engines": {
        "node": ">=0.10.0"
      }
    },
    "node_modules/is-stream": {
      "version": "1.1.0",
      "resolved": "https://registry.npmjs.org/is-stream/-/is-stream-1.1.0.tgz",
      "integrity": "sha512-uQPm8kcs47jx38atAcWTVxyltQYoPT68y9aWYdV6yWXSyW8mzSat0TL6CiWdZeCdF3KrAvpVtnHbTv4RN+rqdQ==",
      "engines": {
        "node": ">=0.10.0"
      }
    },
    "node_modules/node-fetch-polyfill": {
      "version": "2.0.6",
      "resolved": "https://registry.npmjs.org/node-fetch-polyfill/-/node-fetch-polyfill-2.0.6.tgz",
      "integrity": "sha512-HjsTTwx8rCqE6cHc3Y55MeimyPXAA45Kah3WutaPWohMvdtpvzOL9LF1ikwPqZL9iej+yOxULRBRQ/7YdZ2+kQ==",
      "dependencies": {
        "encoding": "^0.1.11",
        "is-stream": "^1.0.1",
        "node-web-streams": "^0.2.1"
      }
    },
    "node_modules/node-web-streams": {
      "version": "0.2.2",
      "resolved": "https://registry.npmjs.org/node-web-streams/-/node-web-streams-0.2.2.tgz",
      "integrity": "sha512-TKWGEUb0AgDA+8+YFDYms2fgsTK87etvMpjJW9qdieXQwcn8IgIFHL2Xohorw7c19TP3dC+Ttur+oO7/c9h6vg==",
      "dependencies": {
        "is-stream": "^1.1.0",
        "web-streams-polyfill": "git://github.com/gwicke/web-streams-polyfill#spec_performance_improvements"
      }
    },
    "node_modules/safer-buffer": {
      "version": "2.1.2",
      "resolved": "https://registry.npmjs.org/safer-buffer/-/safer-buffer-2.1.2.tgz",
      "integrity": "sha512-YZo3K82SD7Riyi0E1EQPojLz7kpepnSQI9IyPbHHg1XXXevb5dJI7tpyN2ADxGcQbHG7vcyRHk0cbwqcQriUtg=="
    },
    "node_modules/typescript": {
      "version": "4.7.4",
      "resolved": "https://registry.npmjs.org/typescript/-/typescript-4.7.4.tgz",
      "integrity": "sha512-C0WQT0gezHuw6AdY1M2jxUO83Rjf0HP7Sk1DtXj6j1EwkQNZrHAg2XPWlq62oqEhYvONq5pkC2Y9oPljWToLmQ==",
      "bin": {
        "tsc": "bin/tsc",
        "tsserver": "bin/tsserver"
      },
      "engines": {
        "node": ">=4.2.0"
      }
    },
    "node_modules/web-streams-polyfill": {
      "version": "1.2.2",
      "resolved": "git+ssh://git@github.com/gwicke/web-streams-polyfill.git#42c488428adea1dc0c0245014e4896ad456b1ded",
      "license": "MIT"
    }
  },
  "dependencies": {
    "@types/node": {
      "version": "18.0.6",
      "resolved": "https://registry.npmjs.org/@types/node/-/node-18.0.6.tgz",
      "integrity": "sha512-/xUq6H2aQm261exT6iZTMifUySEt4GR5KX8eYyY+C4MSNPqSh9oNIP7tz2GLKTlFaiBbgZNxffoR3CVRG+cljw=="
    },
    "encoding": {
      "version": "0.1.13",
      "resolved": "https://registry.npmjs.org/encoding/-/encoding-0.1.13.tgz",
      "integrity": "sha512-ETBauow1T35Y/WZMkio9jiM0Z5xjHHmJ4XmjZOq1l/dXz3lr2sRn87nJy20RupqSh1F2m3HHPSp8ShIPQJrJ3A==",
      "requires": {
        "iconv-lite": "^0.6.2"
      }
    },
    "iconv-lite": {
      "version": "0.6.3",
      "resolved": "https://registry.npmjs.org/iconv-lite/-/iconv-lite-0.6.3.tgz",
      "integrity": "sha512-4fCk79wshMdzMp2rH06qWrJE4iolqLhCUH+OiuIgU++RB0+94NlDL81atO7GX55uUKueo0txHNtvEyI6D7WdMw==",
      "requires": {
        "safer-buffer": ">= 2.1.2 < 3.0.0"
      }
    },
    "is-stream": {
      "version": "1.1.0",
      "resolved": "https://registry.npmjs.org/is-stream/-/is-stream-1.1.0.tgz",
      "integrity": "sha512-uQPm8kcs47jx38atAcWTVxyltQYoPT68y9aWYdV6yWXSyW8mzSat0TL6CiWdZeCdF3KrAvpVtnHbTv4RN+rqdQ=="
    },
    "node-fetch-polyfill": {
      "version": "2.0.6",
      "resolved": "https://registry.npmjs.org/node-fetch-polyfill/-/node-fetch-polyfill-2.0.6.tgz",
      "integrity": "sha512-HjsTTwx8rCqE6cHc3Y55MeimyPXAA45Kah3WutaPWohMvdtpvzOL9LF1ikwPqZL9iej+yOxULRBRQ/7YdZ2+kQ==",
      "requires": {
        "encoding": "^0.1.11",
        "is-stream": "^1.0.1",
        "node-web-streams": "^0.2.1"
      }
    },
    "node-web-streams": {
      "version": "0.2.2",
      "resolved": "https://registry.npmjs.org/node-web-streams/-/node-web-streams-0.2.2.tgz",
      "integrity": "sha512-TKWGEUb0AgDA+8+YFDYms2fgsTK87etvMpjJW9qdieXQwcn8IgIFHL2Xohorw7c19TP3dC+Ttur+oO7/c9h6vg==",
      "requires": {
        "is-stream": "^1.1.0",
        "web-streams-polyfill": "git://github.com/gwicke/web-streams-polyfill#spec_performance_improvements"
      }
    },
    "safer-buffer": {
      "version": "2.1.2",
      "resolved": "https://registry.npmjs.org/safer-buffer/-/safer-buffer-2.1.2.tgz",
      "integrity": "sha512-YZo3K82SD7Riyi0E1EQPojLz7kpepnSQI9IyPbHHg1XXXevb5dJI7tpyN2ADxGcQbHG7vcyRHk0cbwqcQriUtg=="
    },
    "typescript": {
      "version": "4.7.4",
      "resolved": "https://registry.npmjs.org/typescript/-/typescript-4.7.4.tgz",
      "integrity": "sha512-C0WQT0gezHuw6AdY1M2jxUO83Rjf0HP7Sk1DtXj6j1EwkQNZrHAg2XPWlq62oqEhYvONq5pkC2Y9oPljWToLmQ=="
    },
    "web-streams-polyfill": {
      "version": "git+ssh://git@github.com/gwicke/web-streams-polyfill.git#42c488428adea1dc0c0245014e4896ad456b1ded",
      "from": "web-streams-polyfill@git://github.com/gwicke/web-streams-polyfill#spec_performance_improvements"
    }
  }
}
